
Microsoft Visual Studio Solution File, Format Version 12.00
# Visual Studio Version 16
VisualStudioVersion = 16.0.30225.117
MinimumVisualStudioVersion = 10.0.40219.1
Project("{9A19103F-16F7-4668-BE54-9A1E7A4F7556}") = "WhiteboardSD8", "WhiteBoard SD8\WhiteboardSD8.csproj", "{325EAF75-A48A-40A1-A9EC-15923E144E9D}"
EndProject
Project("{9A19103F-16F7-4668-BE54-9A1E7A4F7556}") = "LetterCountInString", "LetterCountInString\LetterCountInString.csproj", "{847FB4D8-ED9E-4787-9066-FE51D6B0BAFA}"
EndProject
Project("{9A19103F-16F7-4668-BE54-9A1E7A4F7556}") = "ReverseString", "NewString\ReverseString.csproj", "{520F851C-8B9D-4D4E-B014-0CAB18809FCA}"
EndProject
Project("{9A19103F-16F7-4668-BE54-9A1E7A4F7556}") = "LargerInt", "LargerInt\LargerInt.csproj", "{11003C1A-A102-4849-A46E-EF25B8F38705}"
EndProject
Project("{9A19103F-16F7-4668-BE54-9A1E7A4F7556}") = "Palindrome", "Palindrome\Palindrome.csproj", "{D4D13D30-B4CF-4C45-AB19-DF155B77BD76}"
EndProject
Project("{9A19103F-16F7-4668-BE54-9A1E7A4F7556}") = "PalindromeTest", "PalindromeTest\PalindromeTest.csproj", "{006B1794-4338-4723-9681-3C5193487F03}"
EndProject
Project("{9A19103F-16F7-4668-BE54-9A1E7A4F7556}") = "LargerIntTest", "LargerIntTest\LargerIntTest.csproj", "{38939B60-F9F7-4221-936D-6987464B821B}"
EndProject
Project("{9A19103F-16F7-4668-BE54-9A1E7A4F7556}") = "TimeFunctionTest", "TimeTest\TimeFunctionTest.csproj", "{A80A480D-62C1-4D41-8541-6E576633D0E9}"
EndProject
Project("{9A19103F-16F7-4668-BE54-9A1E7A4F7556}") = "TimeFunction", "TimeFunction\TimeFunction.csproj", "{944F9AC4-4509-437F-B343-DE779C08AA95}"
EndProject
Project("{FAE04EC0-301F-11D3-BF4B-00C04F79EFBC}") = "Geometry", "Geometry\Geometry.csproj", "{122AE6DE-68FB-4202-AB41-0C1C64B08442}"
EndProject
Project("{FAE04EC0-301F-11D3-BF4B-00C04F79EFBC}") = "GeometryTest", "GeometryTest\GeometryTest.csproj", "{5A0B9B6A-1DFC-4625-8216-AEC8166B531F}"
EndProject
Project("{FAE04EC0-301F-11D3-BF4B-00C04F79EFBC}") = "ReverseStringTest", "ReverseStringTest\ReverseStringTest.csproj", "{766093D0-5EDC-4243-97FB-9B6E31DB91FF}"
EndProject
Global
	GlobalSection(SolutionConfigurationPlatforms) = preSolution
		Debug|Any CPU = Debug|Any CPU
		Release|Any CPU = Release|Any CPU
	EndGlobalSection
	GlobalSection(ProjectConfigurationPlatforms) = postSolution
		{325EAF75-A48A-40A1-A9EC-15923E144E9D}.Debug|Any CPU.ActiveCfg = Debug|Any CPU
		{325EAF75-A48A-40A1-A9EC-15923E144E9D}.Debug|Any CPU.Build.0 = Debug|Any CPU
		{325EAF75-A48A-40A1-A9EC-15923E144E9D}.Release|Any CPU.ActiveCfg = Release|Any CPU
		{325EAF75-A48A-40A1-A9EC-15923E144E9D}.Release|Any CPU.Build.0 = Release|Any CPU
		{847FB4D8-ED9E-4787-9066-FE51D6B0BAFA}.Debug|Any CPU.ActiveCfg = Debug|Any CPU
		{847FB4D8-ED9E-4787-9066-FE51D6B0BAFA}.Debug|Any CPU.Build.0 = Debug|Any CPU
		{847FB4D8-ED9E-4787-9066-FE51D6B0BAFA}.Release|Any CPU.ActiveCfg = Release|Any CPU
		{847FB4D8-ED9E-4787-9066-FE51D6B0BAFA}.Release|Any CPU.Build.0 = Release|Any CPU
		{520F851C-8B9D-4D4E-B014-0CAB18809FCA}.Debug|Any CPU.ActiveCfg = Debug|Any CPU
		{520F851C-8B9D-4D4E-B014-0CAB18809FCA}.Debug|Any CPU.Build.0 = Debug|Any CPU
		{520F851C-8B9D-4D4E-B014-0CAB18809FCA}.Release|Any CPU.ActiveCfg = Release|Any CPU
		{520F851C-8B9D-4D4E-B014-0CAB18809FCA}.Release|Any CPU.Build.0 = Release|Any CPU
		{11003C1A-A102-4849-A46E-EF25B8F38705}.Debug|Any CPU.ActiveCfg = Debug|Any CPU
		{11003C1A-A102-4849-A46E-EF25B8F38705}.Debug|Any CPU.Build.0 = Debug|Any CPU
		{11003C1A-A102-4849-A46E-EF25B8F38705}.Release|Any CPU.ActiveCfg = Release|Any CPU
		{11003C1A-A102-4849-A46E-EF25B8F38705}.Release|Any CPU.Build.0 = Release|Any CPU
		{D4D13D30-B4CF-4C45-AB19-DF155B77BD76}.Debug|Any CPU.ActiveCfg = Debug|Any CPU
		{D4D13D30-B4CF-4C45-AB19-DF155B77BD76}.Debug|Any CPU.Build.0 = Debug|Any CPU
		{D4D13D30-B4CF-4C45-AB19-DF155B77BD76}.Release|Any CPU.ActiveCfg = Release|Any CPU
		{D4D13D30-B4CF-4C45-AB19-DF155B77BD76}.Release|Any CPU.Build.0 = Release|Any CPU
		{006B1794-4338-4723-9681-3C5193487F03}.Debug|Any CPU.ActiveCfg = Debug|Any CPU
		{006B1794-4338-4723-9681-3C5193487F03}.Debug|Any CPU.Build.0 = Debug|Any CPU
		{006B1794-4338-4723-9681-3C5193487F03}.Release|Any CPU.ActiveCfg = Release|Any CPU
		{006B1794-4338-4723-9681-3C5193487F03}.Release|Any CPU.Build.0 = Release|Any CPU
		{38939B60-F9F7-4221-936D-6987464B821B}.Debug|Any CPU.ActiveCfg = Debug|Any CPU
		{38939B60-F9F7-4221-936D-6987464B821B}.Debug|Any CPU.Build.0 = Debug|Any CPU
		{38939B60-F9F7-4221-936D-6987464B821B}.Release|Any CPU.ActiveCfg = Release|Any CPU
		{38939B60-F9F7-4221-936D-6987464B821B}.Release|Any CPU.Build.0 = Release|Any CPU
		{A80A480D-62C1-4D41-8541-6E576633D0E9}.Debug|Any CPU.ActiveCfg = Debug|Any CPU
		{A80A480D-62C1-4D41-8541-6E576633D0E9}.Debug|Any CPU.Build.0 = Debug|Any CPU
		{A80A480D-62C1-4D41-8541-6E576633D0E9}.Release|Any CPU.ActiveCfg = Release|Any CPU
		{A80A480D-62C1-4D41-8541-6E576633D0E9}.Release|Any CPU.Build.0 = Release|Any CPU
		{944F9AC4-4509-437F-B343-DE779C08AA95}.Debug|Any CPU.ActiveCfg = Debug|Any CPU
		{944F9AC4-4509-437F-B343-DE779C08AA95}.Debug|Any CPU.Build.0 = Debug|Any CPU
		{944F9AC4-4509-437F-B343-DE779C08AA95}.Release|Any CPU.ActiveCfg = Release|Any CPU
		{944F9AC4-4509-437F-B343-DE779C08AA95}.Release|Any CPU.Build.0 = Release|Any CPU
		{122AE6DE-68FB-4202-AB41-0C1C64B08442}.Debug|Any CPU.ActiveCfg = Debug|Any CPU
		{122AE6DE-68FB-4202-AB41-0C1C64B08442}.Debug|Any CPU.Build.0 = Debug|Any CPU
		{122AE6DE-68FB-4202-AB41-0C1C64B08442}.Release|Any CPU.ActiveCfg = Release|Any CPU
		{122AE6DE-68FB-4202-AB41-0C1C64B08442}.Release|Any CPU.Build.0 = Release|Any CPU
		{5A0B9B6A-1DFC-4625-8216-AEC8166B531F}.Debug|Any CPU.ActiveCfg = Debug|Any CPU
		{5A0B9B6A-1DFC-4625-8216-AEC8166B531F}.Debug|Any CPU.Build.0 = Debug|Any CPU
		{5A0B9B6A-1DFC-4625-8216-AEC8166B531F}.Release|Any CPU.ActiveCfg = Release|Any CPU
		{5A0B9B6A-1DFC-4625-8216-AEC8166B531F}.Release|Any CPU.Build.0 = Release|Any CPU
		{766093D0-5EDC-4243-97FB-9B6E31DB91FF}.Debug|Any CPU.ActiveCfg = Debug|Any CPU
		{766093D0-5EDC-4243-97FB-9B6E31DB91FF}.Debug|Any CPU.Build.0 = Debug|Any CPU
		{766093D0-5EDC-4243-97FB-9B6E31DB91FF}.Release|Any CPU.ActiveCfg = Release|Any CPU
		{766093D0-5EDC-4243-97FB-9B6E31DB91FF}.Release|Any CPU.Build.0 = Release|Any CPU
	EndGlobalSection
	GlobalSection(SolutionProperties) = preSolution
		HideSolutionNode = FALSE
	EndGlobalSection
	GlobalSection(ExtensibilityGlobals) = postSolution
		SolutionGuid = {DC0FC200-C72A-4567-BF75-8C08699C7E29}
	EndGlobalSection
EndGlobal
