
Microsoft Visual Studio Solution File, Format Version 12.00
# Visual Studio Version 16
VisualStudioVersion = 16.0.30225.117
MinimumVisualStudioVersion = 10.0.40219.1
Project("{FAE04EC0-301F-11D3-BF4B-00C04F79EFBC}") = "WhiteboardSD8", "WhiteBoard SD8\WhiteboardSD8.csproj", "{325EAF75-A48A-40A1-A9EC-15923E144E9D}"
EndProject
Project("{FAE04EC0-301F-11D3-BF4B-00C04F79EFBC}") = "LetterCountInString", "LetterCountInString\LetterCountInString.csproj", "{847FB4D8-ED9E-4787-9066-FE51D6B0BAFA}"
EndProject
Project("{FAE04EC0-301F-11D3-BF4B-00C04F79EFBC}") = "NewString", "NewString\NewString.csproj", "{520F851C-8B9D-4D4E-B014-0CAB18809FCA}"
EndProject
Global
	GlobalSection(SolutionConfigurationPlatforms) = preSolution
		Debug|Any CPU = Debug|Any CPU
		Release|Any CPU = Release|Any CPU
	EndGlobalSection
	GlobalSection(ProjectConfigurationPlatforms) = postSolution
		{325EAF75-A48A-40A1-A9EC-15923E144E9D}.Debug|Any CPU.ActiveCfg = Debug|Any CPU
		{325EAF75-A48A-40A1-A9EC-15923E144E9D}.Debug|Any CPU.Build.0 = Debug|Any CPU
		{325EAF75-A48A-40A1-A9EC-15923E144E9D}.Release|Any CPU.ActiveCfg = Release|Any CPU
		{325EAF75-A48A-40A1-A9EC-15923E144E9D}.Release|Any CPU.Build.0 = Release|Any CPU
		{847FB4D8-ED9E-4787-9066-FE51D6B0BAFA}.Debug|Any CPU.ActiveCfg = Debug|Any CPU
		{847FB4D8-ED9E-4787-9066-FE51D6B0BAFA}.Debug|Any CPU.Build.0 = Debug|Any CPU
		{847FB4D8-ED9E-4787-9066-FE51D6B0BAFA}.Release|Any CPU.ActiveCfg = Release|Any CPU
		{847FB4D8-ED9E-4787-9066-FE51D6B0BAFA}.Release|Any CPU.Build.0 = Release|Any CPU
		{520F851C-8B9D-4D4E-B014-0CAB18809FCA}.Debug|Any CPU.ActiveCfg = Debug|Any CPU
		{520F851C-8B9D-4D4E-B014-0CAB18809FCA}.Debug|Any CPU.Build.0 = Debug|Any CPU
		{520F851C-8B9D-4D4E-B014-0CAB18809FCA}.Release|Any CPU.ActiveCfg = Release|Any CPU
		{520F851C-8B9D-4D4E-B014-0CAB18809FCA}.Release|Any CPU.Build.0 = Release|Any CPU
	EndGlobalSection
	GlobalSection(SolutionProperties) = preSolution
		HideSolutionNode = FALSE
	EndGlobalSection
	GlobalSection(ExtensibilityGlobals) = postSolution
		SolutionGuid = {DC0FC200-C72A-4567-BF75-8C08699C7E29}
	EndGlobalSection
EndGlobal
